// !$*UTF8*$!
{
	archiveVersion = 1;
	classes = {
	};
	objectVersion = 56;
	objects = {

/* Begin PBXBuildFile section */
		611179C22B5EDACA00989C42 /* clearouttApp.swift in Sources */ = {isa = PBXBuildFile; fileRef = 611179C12B5EDACA00989C42 /* clearouttApp.swift */; };
		611179C42B5EDACA00989C42 /* ContentView.swift in Sources */ = {isa = PBXBuildFile; fileRef = 611179C32B5EDACA00989C42 /* ContentView.swift */; };
		611179C62B5EDACB00989C42 /* Assets.xcassets in Resources */ = {isa = PBXBuildFile; fileRef = 611179C52B5EDACB00989C42 /* Assets.xcassets */; };
		611179C92B5EDACB00989C42 /* Preview Assets.xcassets in Resources */ = {isa = PBXBuildFile; fileRef = 611179C82B5EDACB00989C42 /* Preview Assets.xcassets */; };
		611179D32B5EDACB00989C42 /* clearouttTests.swift in Sources */ = {isa = PBXBuildFile; fileRef = 611179D22B5EDACB00989C42 /* clearouttTests.swift */; };
		611179DD2B5EDACB00989C42 /* clearouttUITests.swift in Sources */ = {isa = PBXBuildFile; fileRef = 611179DC2B5EDACB00989C42 /* clearouttUITests.swift */; };
		611179DF2B5EDACB00989C42 /* clearouttUITestsLaunchTests.swift in Sources */ = {isa = PBXBuildFile; fileRef = 611179DE2B5EDACB00989C42 /* clearouttUITestsLaunchTests.swift */; };
		611179EC2B5EDBE300989C42 /* HomeView.swift in Sources */ = {isa = PBXBuildFile; fileRef = 611179EB2B5EDBE300989C42 /* HomeView.swift */; };
		611179EE2B5EDC7D00989C42 /* ShopView.swift in Sources */ = {isa = PBXBuildFile; fileRef = 611179ED2B5EDC7D00989C42 /* ShopView.swift */; };
		611179F02B5EDD5A00989C42 /* BagView.swift in Sources */ = {isa = PBXBuildFile; fileRef = 611179EF2B5EDD5A00989C42 /* BagView.swift */; };
		611179F42B5EDD9300989C42 /* WishlistView.swift in Sources */ = {isa = PBXBuildFile; fileRef = 611179F32B5EDD9300989C42 /* WishlistView.swift */; };
		611179F62B5EDDBC00989C42 /* UserProfileView.swift in Sources */ = {isa = PBXBuildFile; fileRef = 611179F52B5EDDBC00989C42 /* UserProfileView.swift */; };
		611179F82B5EDE3A00989C42 /* UserSession.swift in Sources */ = {isa = PBXBuildFile; fileRef = 611179F72B5EDE3A00989C42 /* UserSession.swift */; };
		611179FA2B5EE09700989C42 /* CameraView.swift in Sources */ = {isa = PBXBuildFile; fileRef = 611179F92B5EE09700989C42 /* CameraView.swift */; };
/* End PBXBuildFile section */

/* Begin PBXContainerItemProxy section */
		611179CF2B5EDACB00989C42 /* PBXContainerItemProxy */ = {
			isa = PBXContainerItemProxy;
			containerPortal = 611179B62B5EDACA00989C42 /* Project object */;
			proxyType = 1;
			remoteGlobalIDString = 611179BD2B5EDACA00989C42;
			remoteInfo = clearoutt;
		};
		611179D92B5EDACB00989C42 /* PBXContainerItemProxy */ = {
			isa = PBXContainerItemProxy;
			containerPortal = 611179B62B5EDACA00989C42 /* Project object */;
			proxyType = 1;
			remoteGlobalIDString = 611179BD2B5EDACA00989C42;
			remoteInfo = clearoutt;
		};
/* End PBXContainerItemProxy section */

/* Begin PBXFileReference section */
		611179BE2B5EDACA00989C42 /* clearoutt.app */ = {isa = PBXFileReference; explicitFileType = wrapper.application; includeInIndex = 0; path = clearoutt.app; sourceTree = BUILT_PRODUCTS_DIR; };
		611179C12B5EDACA00989C42 /* clearouttApp.swift */ = {isa = PBXFileReference; lastKnownFileType = sourcecode.swift; path = clearouttApp.swift; sourceTree = "<group>"; };
		611179C32B5EDACA00989C42 /* ContentView.swift */ = {isa = PBXFileReference; lastKnownFileType = sourcecode.swift; path = ContentView.swift; sourceTree = "<group>"; };
		611179C52B5EDACB00989C42 /* Assets.xcassets */ = {isa = PBXFileReference; lastKnownFileType = folder.assetcatalog; path = Assets.xcassets; sourceTree = "<group>"; };
		611179C82B5EDACB00989C42 /* Preview Assets.xcassets */ = {isa = PBXFileReference; lastKnownFileType = folder.assetcatalog; path = "Preview Assets.xcassets"; sourceTree = "<group>"; };
		611179CE2B5EDACB00989C42 /* clearouttTests.xctest */ = {isa = PBXFileReference; explicitFileType = wrapper.cfbundle; includeInIndex = 0; path = clearouttTests.xctest; sourceTree = BUILT_PRODUCTS_DIR; };
		611179D22B5EDACB00989C42 /* clearouttTests.swift */ = {isa = PBXFileReference; lastKnownFileType = sourcecode.swift; path = clearouttTests.swift; sourceTree = "<group>"; };
		611179D82B5EDACB00989C42 /* clearouttUITests.xctest */ = {isa = PBXFileReference; explicitFileType = wrapper.cfbundle; includeInIndex = 0; path = clearouttUITests.xctest; sourceTree = BUILT_PRODUCTS_DIR; };
		611179DC2B5EDACB00989C42 /* clearouttUITests.swift */ = {isa = PBXFileReference; lastKnownFileType = sourcecode.swift; path = clearouttUITests.swift; sourceTree = "<group>"; };
		611179DE2B5EDACB00989C42 /* clearouttUITestsLaunchTests.swift */ = {isa = PBXFileReference; lastKnownFileType = sourcecode.swift; path = clearouttUITestsLaunchTests.swift; sourceTree = "<group>"; };
		611179EB2B5EDBE300989C42 /* HomeView.swift */ = {isa = PBXFileReference; lastKnownFileType = sourcecode.swift; path = HomeView.swift; sourceTree = "<group>"; };
		611179ED2B5EDC7D00989C42 /* ShopView.swift */ = {isa = PBXFileReference; lastKnownFileType = sourcecode.swift; path = ShopView.swift; sourceTree = "<group>"; };
		611179EF2B5EDD5A00989C42 /* BagView.swift */ = {isa = PBXFileReference; lastKnownFileType = sourcecode.swift; path = BagView.swift; sourceTree = "<group>"; };
		611179F32B5EDD9300989C42 /* WishlistView.swift */ = {isa = PBXFileReference; lastKnownFileType = sourcecode.swift; path = WishlistView.swift; sourceTree = "<group>"; };
		611179F52B5EDDBC00989C42 /* UserProfileView.swift */ = {isa = PBXFileReference; lastKnownFileType = sourcecode.swift; path = UserProfileView.swift; sourceTree = "<group>"; };
		611179F72B5EDE3A00989C42 /* UserSession.swift */ = {isa = PBXFileReference; lastKnownFileType = sourcecode.swift; path = UserSession.swift; sourceTree = "<group>"; };
		611179F92B5EE09700989C42 /* CameraView.swift */ = {isa = PBXFileReference; lastKnownFileType = sourcecode.swift; path = CameraView.swift; sourceTree = "<group>"; };
/* End PBXFileReference section */

/* Begin PBXFrameworksBuildPhase section */
		611179BB2B5EDACA00989C42 /* Frameworks */ = {
			isa = PBXFrameworksBuildPhase;
			buildActionMask = 2147483647;
			files = (
			);
			runOnlyForDeploymentPostprocessing = 0;
		};
		611179CB2B5EDACB00989C42 /* Frameworks */ = {
			isa = PBXFrameworksBuildPhase;
			buildActionMask = 2147483647;
			files = (
			);
			runOnlyForDeploymentPostprocessing = 0;
		};
		611179D52B5EDACB00989C42 /* Frameworks */ = {
			isa = PBXFrameworksBuildPhase;
			buildActionMask = 2147483647;
			files = (
			);
			runOnlyForDeploymentPostprocessing = 0;
		};
/* End PBXFrameworksBuildPhase section */

/* Begin PBXGroup section */
		611179B52B5EDACA00989C42 = {
			isa = PBXGroup;
			children = (
				611179C02B5EDACA00989C42 /* clearoutt */,
				611179D12B5EDACB00989C42 /* clearouttTests */,
				611179DB2B5EDACB00989C42 /* clearouttUITests */,
				611179BF2B5EDACA00989C42 /* Products */,
			);
			sourceTree = "<group>";
		};
		611179BF2B5EDACA00989C42 /* Products */ = {
			isa = PBXGroup;
			children = (
				611179BE2B5EDACA00989C42 /* clearoutt.app */,
				611179CE2B5EDACB00989C42 /* clearouttTests.xctest */,
				611179D82B5EDACB00989C42 /* clearouttUITests.xctest */,
			);
			name = Products;
			sourceTree = "<group>";
		};
		611179C02B5EDACA00989C42 /* clearoutt */ = {
			isa = PBXGroup;
			children = (
				611179C12B5EDACA00989C42 /* clearouttApp.swift */,
				611179C32B5EDACA00989C42 /* ContentView.swift */,
				611179EB2B5EDBE300989C42 /* HomeView.swift */,
				611179ED2B5EDC7D00989C42 /* ShopView.swift */,
				611179EF2B5EDD5A00989C42 /* BagView.swift */,
				611179F32B5EDD9300989C42 /* WishlistView.swift */,
				611179F52B5EDDBC00989C42 /* UserProfileView.swift */,
				611179F72B5EDE3A00989C42 /* UserSession.swift */,
				611179F92B5EE09700989C42 /* CameraView.swift */,
				611179C52B5EDACB00989C42 /* Assets.xcassets */,
				611179C72B5EDACB00989C42 /* Preview Content */,
			);
			path = clearoutt;
			sourceTree = "<group>";
		};
		611179C72B5EDACB00989C42 /* Preview Content */ = {
			isa = PBXGroup;
			children = (
				611179C82B5EDACB00989C42 /* Preview Assets.xcassets */,
			);
			path = "Preview Content";
			sourceTree = "<group>";
		};
		611179D12B5EDACB00989C42 /* clearouttTests */ = {
			isa = PBXGroup;
			children = (
				611179D22B5EDACB00989C42 /* clearouttTests.swift */,
			);
			path = clearouttTests;
			sourceTree = "<group>";
		};
		611179DB2B5EDACB00989C42 /* clearouttUITests */ = {
			isa = PBXGroup;
			children = (
				611179DC2B5EDACB00989C42 /* clearouttUITests.swift */,
				611179DE2B5EDACB00989C42 /* clearouttUITestsLaunchTests.swift */,
			);
			path = clearouttUITests;
			sourceTree = "<group>";
		};
/* End PBXGroup section */

/* Begin PBXNativeTarget section */
		611179BD2B5EDACA00989C42 /* clearoutt */ = {
			isa = PBXNativeTarget;
			buildConfigurationList = 611179E22B5EDACB00989C42 /* Build configuration list for PBXNativeTarget "clearoutt" */;
			buildPhases = (
				611179BA2B5EDACA00989C42 /* Sources */,
				611179BB2B5EDACA00989C42 /* Frameworks */,
				611179BC2B5EDACA00989C42 /* Resources */,
			);
			buildRules = (
			);
			dependencies = (
			);
			name = clearoutt;
			productName = clearoutt;
			productReference = 611179BE2B5EDACA00989C42 /* clearoutt.app */;
			productType = "com.apple.product-type.application";
		};
		611179CD2B5EDACB00989C42 /* clearouttTests */ = {
			isa = PBXNativeTarget;
			buildConfigurationList = 611179E52B5EDACB00989C42 /* Build configuration list for PBXNativeTarget "clearouttTests" */;
			buildPhases = (
				611179CA2B5EDACB00989C42 /* Sources */,
				611179CB2B5EDACB00989C42 /* Frameworks */,
				611179CC2B5EDACB00989C42 /* Resources */,
			);
			buildRules = (
			);
			dependencies = (
				611179D02B5EDACB00989C42 /* PBXTargetDependency */,
			);
			name = clearouttTests;
			productName = clearouttTests;
			productReference = 611179CE2B5EDACB00989C42 /* clearouttTests.xctest */;
			productType = "com.apple.product-type.bundle.unit-test";
		};
		611179D72B5EDACB00989C42 /* clearouttUITests */ = {
			isa = PBXNativeTarget;
			buildConfigurationList = 611179E82B5EDACB00989C42 /* Build configuration list for PBXNativeTarget "clearouttUITests" */;
			buildPhases = (
				611179D42B5EDACB00989C42 /* Sources */,
				611179D52B5EDACB00989C42 /* Frameworks */,
				611179D62B5EDACB00989C42 /* Resources */,
			);
			buildRules = (
			);
			dependencies = (
				611179DA2B5EDACB00989C42 /* PBXTargetDependency */,
			);
			name = clearouttUITests;
			productName = clearouttUITests;
			productReference = 611179D82B5EDACB00989C42 /* clearouttUITests.xctest */;
			productType = "com.apple.product-type.bundle.ui-testing";
		};
/* End PBXNativeTarget section */

/* Begin PBXProject section */
		611179B62B5EDACA00989C42 /* Project object */ = {
			isa = PBXProject;
			attributes = {
				BuildIndependentTargetsInParallel = 1;
				LastSwiftUpdateCheck = 1500;
				LastUpgradeCheck = 1500;
				TargetAttributes = {
					611179BD2B5EDACA00989C42 = {
						CreatedOnToolsVersion = 15.0;
					};
					611179CD2B5EDACB00989C42 = {
						CreatedOnToolsVersion = 15.0;
						TestTargetID = 611179BD2B5EDACA00989C42;
					};
					611179D72B5EDACB00989C42 = {
						CreatedOnToolsVersion = 15.0;
						TestTargetID = 611179BD2B5EDACA00989C42;
					};
				};
			};
			buildConfigurationList = 611179B92B5EDACA00989C42 /* Build configuration list for PBXProject "clearoutt" */;
			compatibilityVersion = "Xcode 14.0";
			developmentRegion = en;
			hasScannedForEncodings = 0;
			knownRegions = (
				en,
				Base,
			);
			mainGroup = 611179B52B5EDACA00989C42;
			productRefGroup = 611179BF2B5EDACA00989C42 /* Products */;
			projectDirPath = "";
			projectRoot = "";
			targets = (
				611179BD2B5EDACA00989C42 /* clearoutt */,
				611179CD2B5EDACB00989C42 /* clearouttTests */,
				611179D72B5EDACB00989C42 /* clearouttUITests */,
			);
		};
/* End PBXProject section */

/* Begin PBXResourcesBuildPhase section */
		611179BC2B5EDACA00989C42 /* Resources */ = {
			isa = PBXResourcesBuildPhase;
			buildActionMask = 2147483647;
			files = (
				611179C92B5EDACB00989C42 /* Preview Assets.xcassets in Resources */,
				611179C62B5EDACB00989C42 /* Assets.xcassets in Resources */,
			);
			runOnlyForDeploymentPostprocessing = 0;
		};
		611179CC2B5EDACB00989C42 /* Resources */ = {
			isa = PBXResourcesBuildPhase;
			buildActionMask = 2147483647;
			files = (
			);
			runOnlyForDeploymentPostprocessing = 0;
		};
		611179D62B5EDACB00989C42 /* Resources */ = {
			isa = PBXResourcesBuildPhase;
			buildActionMask = 2147483647;
			files = (
			);
			runOnlyForDeploymentPostprocessing = 0;
		};
/* End PBXResourcesBuildPhase section */

/* Begin PBXSourcesBuildPhase section */
		611179BA2B5EDACA00989C42 /* Sources */ = {
			isa = PBXSourcesBuildPhase;
			buildActionMask = 2147483647;
			files = (
				611179F62B5EDDBC00989C42 /* UserProfileView.swift in Sources */,
				611179EC2B5EDBE300989C42 /* HomeView.swift in Sources */,
				611179F42B5EDD9300989C42 /* WishlistView.swift in Sources */,
				611179FA2B5EE09700989C42 /* CameraView.swift in Sources */,
				611179C42B5EDACA00989C42 /* ContentView.swift in Sources */,
				611179EE2B5EDC7D00989C42 /* ShopView.swift in Sources */,
				611179C22B5EDACA00989C42 /* clearouttApp.swift in Sources */,
				611179F02B5EDD5A00989C42 /* BagView.swift in Sources */,
				611179F82B5EDE3A00989C42 /* UserSession.swift in Sources */,
			);
			runOnlyForDeploymentPostprocessing = 0;
		};
		611179CA2B5EDACB00989C42 /* Sources */ = {
			isa = PBXSourcesBuildPhase;
			buildActionMask = 2147483647;
			files = (
				611179D32B5EDACB00989C42 /* clearouttTests.swift in Sources */,
			);
			runOnlyForDeploymentPostprocessing = 0;
		};
		611179D42B5EDACB00989C42 /* Sources */ = {
			isa = PBXSourcesBuildPhase;
			buildActionMask = 2147483647;
			files = (
				611179DF2B5EDACB00989C42 /* clearouttUITestsLaunchTests.swift in Sources */,
				611179DD2B5EDACB00989C42 /* clearouttUITests.swift in Sources */,
			);
			runOnlyForDeploymentPostprocessing = 0;
		};
/* End PBXSourcesBuildPhase section */

/* Begin PBXTargetDependency section */
		611179D02B5EDACB00989C42 /* PBXTargetDependency */ = {
			isa = PBXTargetDependency;
			target = 611179BD2B5EDACA00989C42 /* clearoutt */;
			targetProxy = 611179CF2B5EDACB00989C42 /* PBXContainerItemProxy */;
		};
		611179DA2B5EDACB00989C42 /* PBXTargetDependency */ = {
			isa = PBXTargetDependency;
			target = 611179BD2B5EDACA00989C42 /* clearoutt */;
			targetProxy = 611179D92B5EDACB00989C42 /* PBXContainerItemProxy */;
		};
/* End PBXTargetDependency section */

/* Begin XCBuildConfiguration section */
		611179E02B5EDACB00989C42 /* Debug */ = {
			isa = XCBuildConfiguration;
			buildSettings = {
				ALWAYS_SEARCH_USER_PATHS = NO;
				ASSETCATALOG_COMPILER_GENERATE_SWIFT_ASSET_SYMBOL_EXTENSIONS = YES;
				CLANG_ANALYZER_NONNULL = YES;
				CLANG_ANALYZER_NUMBER_OBJECT_CONVERSION = YES_AGGRESSIVE;
				CLANG_CXX_LANGUAGE_STANDARD = "gnu++20";
				CLANG_ENABLE_MODULES = YES;
				CLANG_ENABLE_OBJC_ARC = YES;
				CLANG_ENABLE_OBJC_WEAK = YES;
				CLANG_WARN_BLOCK_CAPTURE_AUTORELEASING = YES;
				CLANG_WARN_BOOL_CONVERSION = YES;
				CLANG_WARN_COMMA = YES;
				CLANG_WARN_CONSTANT_CONVERSION = YES;
				CLANG_WARN_DEPRECATED_OBJC_IMPLEMENTATIONS = YES;
				CLANG_WARN_DIRECT_OBJC_ISA_USAGE = YES_ERROR;
				CLANG_WARN_DOCUMENTATION_COMMENTS = YES;
				CLANG_WARN_EMPTY_BODY = YES;
				CLANG_WARN_ENUM_CONVERSION = YES;
				CLANG_WARN_INFINITE_RECURSION = YES;
				CLANG_WARN_INT_CONVERSION = YES;
				CLANG_WARN_NON_LITERAL_NULL_CONVERSION = YES;
				CLANG_WARN_OBJC_IMPLICIT_RETAIN_SELF = YES;
				CLANG_WARN_OBJC_LITERAL_CONVERSION = YES;
				CLANG_WARN_OBJC_ROOT_CLASS = YES_ERROR;
				CLANG_WARN_QUOTED_INCLUDE_IN_FRAMEWORK_HEADER = YES;
				CLANG_WARN_RANGE_LOOP_ANALYSIS = YES;
				CLANG_WARN_STRICT_PROTOTYPES = YES;
				CLANG_WARN_SUSPICIOUS_MOVE = YES;
				CLANG_WARN_UNGUARDED_AVAILABILITY = YES_AGGRESSIVE;
				CLANG_WARN_UNREACHABLE_CODE = YES;
				CLANG_WARN__DUPLICATE_METHOD_MATCH = YES;
				COPY_PHASE_STRIP = NO;
				DEBUG_INFORMATION_FORMAT = dwarf;
				ENABLE_STRICT_OBJC_MSGSEND = YES;
				ENABLE_TESTABILITY = YES;
				ENABLE_USER_SCRIPT_SANDBOXING = YES;
				GCC_C_LANGUAGE_STANDARD = gnu17;
				GCC_DYNAMIC_NO_PIC = NO;
				GCC_NO_COMMON_BLOCKS = YES;
				GCC_OPTIMIZATION_LEVEL = 0;
				GCC_PREPROCESSOR_DEFINITIONS = (
					"DEBUG=1",
					"$(inherited)",
				);
				GCC_WARN_64_TO_32_BIT_CONVERSION = YES;
				GCC_WARN_ABOUT_RETURN_TYPE = YES_ERROR;
				GCC_WARN_UNDECLARED_SELECTOR = YES;
				GCC_WARN_UNINITIALIZED_AUTOS = YES_AGGRESSIVE;
				GCC_WARN_UNUSED_FUNCTION = YES;
				GCC_WARN_UNUSED_VARIABLE = YES;
				IPHONEOS_DEPLOYMENT_TARGET = 17.0;
				LOCALIZATION_PREFERS_STRING_CATALOGS = YES;
				MTL_ENABLE_DEBUG_INFO = INCLUDE_SOURCE;
				MTL_FAST_MATH = YES;
				ONLY_ACTIVE_ARCH = YES;
				SDKROOT = iphoneos;
				SWIFT_ACTIVE_COMPILATION_CONDITIONS = "DEBUG $(inherited)";
				SWIFT_OPTIMIZATION_LEVEL = "-Onone";
			};
			name = Debug;
		};
		611179E12B5EDACB00989C42 /* Release */ = {
			isa = XCBuildConfiguration;
			buildSettings = {
				ALWAYS_SEARCH_USER_PATHS = NO;
				ASSETCATALOG_COMPILER_GENERATE_SWIFT_ASSET_SYMBOL_EXTENSIONS = YES;
				CLANG_ANALYZER_NONNULL = YES;
				CLANG_ANALYZER_NUMBER_OBJECT_CONVERSION = YES_AGGRESSIVE;
				CLANG_CXX_LANGUAGE_STANDARD = "gnu++20";
				CLANG_ENABLE_MODULES = YES;
				CLANG_ENABLE_OBJC_ARC = YES;
				CLANG_ENABLE_OBJC_WEAK = YES;
				CLANG_WARN_BLOCK_CAPTURE_AUTORELEASING = YES;
				CLANG_WARN_BOOL_CONVERSION = YES;
				CLANG_WARN_COMMA = YES;
				CLANG_WARN_CONSTANT_CONVERSION = YES;
				CLANG_WARN_DEPRECATED_OBJC_IMPLEMENTATIONS = YES;
				CLANG_WARN_DIRECT_OBJC_ISA_USAGE = YES_ERROR;
				CLANG_WARN_DOCUMENTATION_COMMENTS = YES;
				CLANG_WARN_EMPTY_BODY = YES;
				CLANG_WARN_ENUM_CONVERSION = YES;
				CLANG_WARN_INFINITE_RECURSION = YES;
				CLANG_WARN_INT_CONVERSION = YES;
				CLANG_WARN_NON_LITERAL_NULL_CONVERSION = YES;
				CLANG_WARN_OBJC_IMPLICIT_RETAIN_SELF = YES;
				CLANG_WARN_OBJC_LITERAL_CONVERSION = YES;
				CLANG_WARN_OBJC_ROOT_CLASS = YES_ERROR;
				CLANG_WARN_QUOTED_INCLUDE_IN_FRAMEWORK_HEADER = YES;
				CLANG_WARN_RANGE_LOOP_ANALYSIS = YES;
				CLANG_WARN_STRICT_PROTOTYPES = YES;
				CLANG_WARN_SUSPICIOUS_MOVE = YES;
				CLANG_WARN_UNGUARDED_AVAILABILITY = YES_AGGRESSIVE;
				CLANG_WARN_UNREACHABLE_CODE = YES;
				CLANG_WARN__DUPLICATE_METHOD_MATCH = YES;
				COPY_PHASE_STRIP = NO;
				DEBUG_INFORMATION_FORMAT = "dwarf-with-dsym";
				ENABLE_NS_ASSERTIONS = NO;
				ENABLE_STRICT_OBJC_MSGSEND = YES;
				ENABLE_USER_SCRIPT_SANDBOXING = YES;
				GCC_C_LANGUAGE_STANDARD = gnu17;
				GCC_NO_COMMON_BLOCKS = YES;
				GCC_WARN_64_TO_32_BIT_CONVERSION = YES;
				GCC_WARN_ABOUT_RETURN_TYPE = YES_ERROR;
				GCC_WARN_UNDECLARED_SELECTOR = YES;
				GCC_WARN_UNINITIALIZED_AUTOS = YES_AGGRESSIVE;
				GCC_WARN_UNUSED_FUNCTION = YES;
				GCC_WARN_UNUSED_VARIABLE = YES;
				IPHONEOS_DEPLOYMENT_TARGET = 17.0;
				LOCALIZATION_PREFERS_STRING_CATALOGS = YES;
				MTL_ENABLE_DEBUG_INFO = NO;
				MTL_FAST_MATH = YES;
				SDKROOT = iphoneos;
				SWIFT_COMPILATION_MODE = wholemodule;
				VALIDATE_PRODUCT = YES;
			};
			name = Release;
		};
		611179E32B5EDACB00989C42 /* Debug */ = {
			isa = XCBuildConfiguration;
			buildSettings = {
				ASSETCATALOG_COMPILER_APPICON_NAME = AppIcon;
				ASSETCATALOG_COMPILER_GLOBAL_ACCENT_COLOR_NAME = AccentColor;
				CODE_SIGN_STYLE = Automatic;
				CURRENT_PROJECT_VERSION = 1;
				DEVELOPMENT_ASSET_PATHS = "\"clearoutt/Preview Content\"";
				DEVELOPMENT_TEAM = 3453894TV5;
				ENABLE_PREVIEWS = YES;
				GENERATE_INFOPLIST_FILE = YES;
				INFOPLIST_KEY_UIApplicationSceneManifest_Generation = YES;
				INFOPLIST_KEY_UIApplicationSupportsIndirectInputEvents = YES;
				INFOPLIST_KEY_UILaunchScreen_Generation = YES;
				INFOPLIST_KEY_UISupportedInterfaceOrientations_iPad = "UIInterfaceOrientationPortrait UIInterfaceOrientationPortraitUpsideDown UIInterfaceOrientationLandscapeLeft UIInterfaceOrientationLandscapeRight";
				INFOPLIST_KEY_UISupportedInterfaceOrientations_iPhone = "UIInterfaceOrientationPortrait UIInterfaceOrientationLandscapeLeft UIInterfaceOrientationLandscapeRight";
				LD_RUNPATH_SEARCH_PATHS = (
					"$(inherited)",
					"@executable_path/Frameworks",
				);
				MARKETING_VERSION = 1.0;
				PRODUCT_BUNDLE_IDENTIFIER = BRA.clearoutt;
				PRODUCT_NAME = "$(TARGET_NAME)";
				SWIFT_EMIT_LOC_STRINGS = YES;
				SWIFT_VERSION = 5.0;
				TARGETED_DEVICE_FAMILY = "1,2";
			};
			name = Debug;
		};
		611179E42B5EDACB00989C42 /* Release */ = {
			isa = XCBuildConfiguration;
			buildSettings = {
				ASSETCATALOG_COMPILER_APPICON_NAME = AppIcon;
				ASSETCATALOG_COMPILER_GLOBAL_ACCENT_COLOR_NAME = AccentColor;
				CODE_SIGN_STYLE = Automatic;
				CURRENT_PROJECT_VERSION = 1;
				DEVELOPMENT_ASSET_PATHS = "\"clearoutt/Preview Content\"";
				DEVELOPMENT_TEAM = 3453894TV5;
				ENABLE_PREVIEWS = YES;
				GENERATE_INFOPLIST_FILE = YES;
				INFOPLIST_KEY_UIApplicationSceneManifest_Generation = YES;
				INFOPLIST_KEY_UIApplicationSupportsIndirectInputEvents = YES;
				INFOPLIST_KEY_UILaunchScreen_Generation = YES;
				INFOPLIST_KEY_UISupportedInterfaceOrientations_iPad = "UIInterfaceOrientationPortrait UIInterfaceOrientationPortraitUpsideDown UIInterfaceOrientationLandscapeLeft UIInterfaceOrientationLandscapeRight";
				INFOPLIST_KEY_UISupportedInterfaceOrientations_iPhone = "UIInterfaceOrientationPortrait UIInterfaceOrientationLandscapeLeft UIInterfaceOrientationLandscapeRight";
				LD_RUNPATH_SEARCH_PATHS = (
					"$(inherited)",
					"@executable_path/Frameworks",
				);
				MARKETING_VERSION = 1.0;
				PRODUCT_BUNDLE_IDENTIFIER = BRA.clearoutt;
				PRODUCT_NAME = "$(TARGET_NAME)";
				SWIFT_EMIT_LOC_STRINGS = YES;
				SWIFT_VERSION = 5.0;
				TARGETED_DEVICE_FAMILY = "1,2";
			};
			name = Release;
		};
		611179E62B5EDACB00989C42 /* Debug */ = {
			isa = XCBuildConfiguration;
			buildSettings = {
				ALWAYS_EMBED_SWIFT_STANDARD_LIBRARIES = YES;
				BUNDLE_LOADER = "$(TEST_HOST)";
				CODE_SIGN_STYLE = Automatic;
				CURRENT_PROJECT_VERSION = 1;
				DEVELOPMENT_TEAM = 3453894TV5;
				GENERATE_INFOPLIST_FILE = YES;
				IPHONEOS_DEPLOYMENT_TARGET = 17.0;
				MARKETING_VERSION = 1.0;
				PRODUCT_BUNDLE_IDENTIFIER = BRA.clearouttTests;
				PRODUCT_NAME = "$(TARGET_NAME)";
				SWIFT_EMIT_LOC_STRINGS = NO;
				SWIFT_VERSION = 5.0;
				TARGETED_DEVICE_FAMILY = "1,2";
				TEST_HOST = "$(BUILT_PRODUCTS_DIR)/clearoutt.app/$(BUNDLE_EXECUTABLE_FOLDER_PATH)/clearoutt";
			};
			name = Debug;
		};
		611179E72B5EDACB00989C42 /* Release */ = {
			isa = XCBuildConfiguration;
			buildSettings = {
				ALWAYS_EMBED_SWIFT_STANDARD_LIBRARIES = YES;
				BUNDLE_LOADER = "$(TEST_HOST)";
				CODE_SIGN_STYLE = Automatic;
				CURRENT_PROJECT_VERSION = 1;
				DEVELOPMENT_TEAM = 3453894TV5;
				GENERATE_INFOPLIST_FILE = YES;
				IPHONEOS_DEPLOYMENT_TARGET = 17.0;
				MARKETING_VERSION = 1.0;
				PRODUCT_BUNDLE_IDENTIFIER = BRA.clearouttTests;
				PRODUCT_NAME = "$(TARGET_NAME)";
				SWIFT_EMIT_LOC_STRINGS = NO;
				SWIFT_VERSION = 5.0;
				TARGETED_DEVICE_FAMILY = "1,2";
				TEST_HOST = "$(BUILT_PRODUCTS_DIR)/clearoutt.app/$(BUNDLE_EXECUTABLE_FOLDER_PATH)/clearoutt";
			};
			name = Release;
		};
		611179E92B5EDACB00989C42 /* Debug */ = {
			isa = XCBuildConfiguration;
			buildSettings = {
				ALWAYS_EMBED_SWIFT_STANDARD_LIBRARIES = YES;
				CODE_SIGN_STYLE = Automatic;
				CURRENT_PROJECT_VERSION = 1;
				DEVELOPMENT_TEAM = 3453894TV5;
				GENERATE_INFOPLIST_FILE = YES;
				MARKETING_VERSION = 1.0;
				PRODUCT_BUNDLE_IDENTIFIER = BRA.clearouttUITests;
				PRODUCT_NAME = "$(TARGET_NAME)";
				SWIFT_EMIT_LOC_STRINGS = NO;
				SWIFT_VERSION = 5.0;
				TARGETED_DEVICE_FAMILY = "1,2";
				TEST_TARGET_NAME = clearoutt;
			};
			name = Debug;
		};
		611179EA2B5EDACB00989C42 /* Release */ = {
			isa = XCBuildConfiguration;
			buildSettings = {
				ALWAYS_EMBED_SWIFT_STANDARD_LIBRARIES = YES;
				CODE_SIGN_STYLE = Automatic;
				CURRENT_PROJECT_VERSION = 1;
				DEVELOPMENT_TEAM = 3453894TV5;
				GENERATE_INFOPLIST_FILE = YES;
				MARKETING_VERSION = 1.0;
				PRODUCT_BUNDLE_IDENTIFIER = BRA.clearouttUITests;
				PRODUCT_NAME = "$(TARGET_NAME)";
				SWIFT_EMIT_LOC_STRINGS = NO;
				SWIFT_VERSION = 5.0;
				TARGETED_DEVICE_FAMILY = "1,2";
				TEST_TARGET_NAME = clearoutt;
			};
			name = Release;
		};
/* End XCBuildConfiguration section */

/* Begin XCConfigurationList section */
		611179B92B5EDACA00989C42 /* Build configuration list for PBXProject "clearoutt" */ = {
			isa = XCConfigurationList;
			buildConfigurations = (
				611179E02B5EDACB00989C42 /* Debug */,
				611179E12B5EDACB00989C42 /* Release */,
			);
			defaultConfigurationIsVisible = 0;
			defaultConfigurationName = Release;
		};
		611179E22B5EDACB00989C42 /* Build configuration list for PBXNativeTarget "clearoutt" */ = {
			isa = XCConfigurationList;
			buildConfigurations = (
				611179E32B5EDACB00989C42 /* Debug */,
				611179E42B5EDACB00989C42 /* Release */,
			);
			defaultConfigurationIsVisible = 0;
			defaultConfigurationName = Release;
		};
		611179E52B5EDACB00989C42 /* Build configuration list for PBXNativeTarget "clearouttTests" */ = {
			isa = XCConfigurationList;
			buildConfigurations = (
				611179E62B5EDACB00989C42 /* Debug */,
				611179E72B5EDACB00989C42 /* Release */,
			);
			defaultConfigurationIsVisible = 0;
			defaultConfigurationName = Release;
		};
		611179E82B5EDACB00989C42 /* Build configuration list for PBXNativeTarget "clearouttUITests" */ = {
			isa = XCConfigurationList;
			buildConfigurations = (
				611179E92B5EDACB00989C42 /* Debug */,
				611179EA2B5EDACB00989C42 /* Release */,
			);
			defaultConfigurationIsVisible = 0;
			defaultConfigurationName = Release;
		};
/* End XCConfigurationList section */
	};
	rootObject = 611179B62B5EDACA00989C42 /* Project object */;
}
