// !$*UTF8*$!
{
	archiveVersion = 1;
	classes = {
	};
	objectVersion = 56;
	objects = {

/* Begin PBXBuildFile section */
		610E3ABD2B6163EC0081A3F0 /* BuyView.swift in Sources */ = {isa = PBXBuildFile; fileRef = 610E3ABC2B6163EC0081A3F0 /* BuyView.swift */; };
		610E3AC12B6164660081A3F0 /* SellView.swift in Sources */ = {isa = PBXBuildFile; fileRef = 610E3AC02B6164660081A3F0 /* SellView.swift */; };
		610E3AC32B6164970081A3F0 /* DonateView.swift in Sources */ = {isa = PBXBuildFile; fileRef = 610E3AC22B6164970081A3F0 /* DonateView.swift */; };
		610E3AC52B6215710081A3F0 /* RentView.swift in Sources */ = {isa = PBXBuildFile; fileRef = 610E3AC42B6215710081A3F0 /* RentView.swift */; };
		610E3AC72B6228190081A3F0 /* GoogleService-Info.plist in Resources */ = {isa = PBXBuildFile; fileRef = 610E3AC62B6228190081A3F0 /* GoogleService-Info.plist */; };
		610E3AC82B6228190081A3F0 /* GoogleService-Info.plist in Resources */ = {isa = PBXBuildFile; fileRef = 610E3AC62B6228190081A3F0 /* GoogleService-Info.plist */; };
		610E3AC92B6228190081A3F0 /* GoogleService-Info.plist in Resources */ = {isa = PBXBuildFile; fileRef = 610E3AC62B6228190081A3F0 /* GoogleService-Info.plist */; };
		610E3ACC2B622A770081A3F0 /* FirebaseAnalytics in Frameworks */ = {isa = PBXBuildFile; productRef = 610E3ACB2B622A770081A3F0 /* FirebaseAnalytics */; };
		610E3ACE2B622A770081A3F0 /* FirebaseAnalyticsOnDeviceConversion in Frameworks */ = {isa = PBXBuildFile; productRef = 610E3ACD2B622A770081A3F0 /* FirebaseAnalyticsOnDeviceConversion */; };
		610E3AD02B622A770081A3F0 /* FirebaseAnalyticsSwift in Frameworks */ = {isa = PBXBuildFile; productRef = 610E3ACF2B622A770081A3F0 /* FirebaseAnalyticsSwift */; };
		610E3AD22B622A770081A3F0 /* FirebaseAnalyticsWithoutAdIdSupport in Frameworks */ = {isa = PBXBuildFile; productRef = 610E3AD12B622A770081A3F0 /* FirebaseAnalyticsWithoutAdIdSupport */; };
		610E3AD42B622A770081A3F0 /* FirebaseAppCheck in Frameworks */ = {isa = PBXBuildFile; productRef = 610E3AD32B622A770081A3F0 /* FirebaseAppCheck */; };
		610E3AD62B622A770081A3F0 /* FirebaseAppDistribution-Beta in Frameworks */ = {isa = PBXBuildFile; productRef = 610E3AD52B622A770081A3F0 /* FirebaseAppDistribution-Beta */; };
		610E3AD82B622A770081A3F0 /* FirebaseAuth in Frameworks */ = {isa = PBXBuildFile; productRef = 610E3AD72B622A770081A3F0 /* FirebaseAuth */; };
		610E3ADA2B622A770081A3F0 /* FirebaseAuthCombine-Community in Frameworks */ = {isa = PBXBuildFile; productRef = 610E3AD92B622A770081A3F0 /* FirebaseAuthCombine-Community */; };
		610E3ADC2B622A770081A3F0 /* FirebaseCrashlytics in Frameworks */ = {isa = PBXBuildFile; productRef = 610E3ADB2B622A770081A3F0 /* FirebaseCrashlytics */; };
		610E3ADE2B622A770081A3F0 /* FirebaseDatabase in Frameworks */ = {isa = PBXBuildFile; productRef = 610E3ADD2B622A770081A3F0 /* FirebaseDatabase */; };
		610E3AE02B622A770081A3F0 /* FirebaseDatabaseSwift in Frameworks */ = {isa = PBXBuildFile; productRef = 610E3ADF2B622A770081A3F0 /* FirebaseDatabaseSwift */; };
		610E3AE22B622A770081A3F0 /* FirebaseDynamicLinks in Frameworks */ = {isa = PBXBuildFile; productRef = 610E3AE12B622A770081A3F0 /* FirebaseDynamicLinks */; };
		610E3AE42B622A770081A3F0 /* FirebaseFirestore in Frameworks */ = {isa = PBXBuildFile; productRef = 610E3AE32B622A770081A3F0 /* FirebaseFirestore */; };
		610E3AE62B622A770081A3F0 /* FirebaseFirestoreCombine-Community in Frameworks */ = {isa = PBXBuildFile; productRef = 610E3AE52B622A770081A3F0 /* FirebaseFirestoreCombine-Community */; };
		610E3AE82B622A770081A3F0 /* FirebaseFirestoreSwift in Frameworks */ = {isa = PBXBuildFile; productRef = 610E3AE72B622A770081A3F0 /* FirebaseFirestoreSwift */; };
		610E3AEA2B622A770081A3F0 /* FirebaseFunctions in Frameworks */ = {isa = PBXBuildFile; productRef = 610E3AE92B622A770081A3F0 /* FirebaseFunctions */; };
		610E3AEC2B622A770081A3F0 /* FirebaseFunctionsCombine-Community in Frameworks */ = {isa = PBXBuildFile; productRef = 610E3AEB2B622A770081A3F0 /* FirebaseFunctionsCombine-Community */; };
		610E3AEE2B622A770081A3F0 /* FirebaseInAppMessaging-Beta in Frameworks */ = {isa = PBXBuildFile; productRef = 610E3AED2B622A770081A3F0 /* FirebaseInAppMessaging-Beta */; };
		610E3AF02B622A770081A3F0 /* FirebaseInAppMessagingSwift-Beta in Frameworks */ = {isa = PBXBuildFile; productRef = 610E3AEF2B622A770081A3F0 /* FirebaseInAppMessagingSwift-Beta */; };
		610E3AF22B622A770081A3F0 /* FirebaseInstallations in Frameworks */ = {isa = PBXBuildFile; productRef = 610E3AF12B622A770081A3F0 /* FirebaseInstallations */; };
		610E3AF42B622A770081A3F0 /* FirebaseMLModelDownloader in Frameworks */ = {isa = PBXBuildFile; productRef = 610E3AF32B622A770081A3F0 /* FirebaseMLModelDownloader */; };
		610E3AF62B622A770081A3F0 /* FirebaseMessaging in Frameworks */ = {isa = PBXBuildFile; productRef = 610E3AF52B622A770081A3F0 /* FirebaseMessaging */; };
		610E3AF82B622A770081A3F0 /* FirebasePerformance in Frameworks */ = {isa = PBXBuildFile; productRef = 610E3AF72B622A770081A3F0 /* FirebasePerformance */; };
		610E3AFA2B622A770081A3F0 /* FirebaseRemoteConfig in Frameworks */ = {isa = PBXBuildFile; productRef = 610E3AF92B622A770081A3F0 /* FirebaseRemoteConfig */; };
		610E3AFC2B622A770081A3F0 /* FirebaseRemoteConfigSwift in Frameworks */ = {isa = PBXBuildFile; productRef = 610E3AFB2B622A770081A3F0 /* FirebaseRemoteConfigSwift */; };
		610E3AFE2B622A770081A3F0 /* FirebaseStorage in Frameworks */ = {isa = PBXBuildFile; productRef = 610E3AFD2B622A770081A3F0 /* FirebaseStorage */; };
		610E3B002B622A770081A3F0 /* FirebaseStorageCombine-Community in Frameworks */ = {isa = PBXBuildFile; productRef = 610E3AFF2B622A770081A3F0 /* FirebaseStorageCombine-Community */; };
		610E3B022B622E3F0081A3F0 /* SignUpView.swift in Sources */ = {isa = PBXBuildFile; fileRef = 610E3B012B622E3F0081A3F0 /* SignUpView.swift */; };
		610E3B032B622E3F0081A3F0 /* SignUpView.swift in Sources */ = {isa = PBXBuildFile; fileRef = 610E3B012B622E3F0081A3F0 /* SignUpView.swift */; };
		610E3B042B622E3F0081A3F0 /* SignUpView.swift in Sources */ = {isa = PBXBuildFile; fileRef = 610E3B012B622E3F0081A3F0 /* SignUpView.swift */; };
		610E3B062B622E500081A3F0 /* SignInView.swift in Sources */ = {isa = PBXBuildFile; fileRef = 610E3B052B622E500081A3F0 /* SignInView.swift */; };
		610E3B072B622E500081A3F0 /* SignInView.swift in Sources */ = {isa = PBXBuildFile; fileRef = 610E3B052B622E500081A3F0 /* SignInView.swift */; };
		610E3B082B622E500081A3F0 /* SignInView.swift in Sources */ = {isa = PBXBuildFile; fileRef = 610E3B052B622E500081A3F0 /* SignInView.swift */; };
		611179C22B5EDACA00989C42 /* clearouttApp.swift in Sources */ = {isa = PBXBuildFile; fileRef = 611179C12B5EDACA00989C42 /* clearouttApp.swift */; };
		611179C42B5EDACA00989C42 /* ContentView.swift in Sources */ = {isa = PBXBuildFile; fileRef = 611179C32B5EDACA00989C42 /* ContentView.swift */; };
		611179C62B5EDACB00989C42 /* Assets.xcassets in Resources */ = {isa = PBXBuildFile; fileRef = 611179C52B5EDACB00989C42 /* Assets.xcassets */; };
		611179C92B5EDACB00989C42 /* Preview Assets.xcassets in Resources */ = {isa = PBXBuildFile; fileRef = 611179C82B5EDACB00989C42 /* Preview Assets.xcassets */; };
		611179D32B5EDACB00989C42 /* clearouttTests.swift in Sources */ = {isa = PBXBuildFile; fileRef = 611179D22B5EDACB00989C42 /* clearouttTests.swift */; };
		611179DD2B5EDACB00989C42 /* clearouttUITests.swift in Sources */ = {isa = PBXBuildFile; fileRef = 611179DC2B5EDACB00989C42 /* clearouttUITests.swift */; };
		611179DF2B5EDACB00989C42 /* clearouttUITestsLaunchTests.swift in Sources */ = {isa = PBXBuildFile; fileRef = 611179DE2B5EDACB00989C42 /* clearouttUITestsLaunchTests.swift */; };
		611179F02B5EDD5A00989C42 /* BagView.swift in Sources */ = {isa = PBXBuildFile; fileRef = 611179EF2B5EDD5A00989C42 /* BagView.swift */; };
		611179F42B5EDD9300989C42 /* WishlistView.swift in Sources */ = {isa = PBXBuildFile; fileRef = 611179F32B5EDD9300989C42 /* WishlistView.swift */; };
		611179F62B5EDDBC00989C42 /* UserProfileView.swift in Sources */ = {isa = PBXBuildFile; fileRef = 611179F52B5EDDBC00989C42 /* UserProfileView.swift */; };
		611179F82B5EDE3A00989C42 /* UserSession.swift in Sources */ = {isa = PBXBuildFile; fileRef = 611179F72B5EDE3A00989C42 /* UserSession.swift */; };
		611179FA2B5EE09700989C42 /* CameraView.swift in Sources */ = {isa = PBXBuildFile; fileRef = 611179F92B5EE09700989C42 /* CameraView.swift */; };
		6142A81E2B62BFB900649BBE /* College.swift in Sources */ = {isa = PBXBuildFile; fileRef = 6142A81D2B62BFB900649BBE /* College.swift */; };
		6142A8202B62C6BD00649BBE /* CollegeDataFetcher.swift in Sources */ = {isa = PBXBuildFile; fileRef = 6142A81F2B62C6BD00649BBE /* CollegeDataFetcher.swift */; };
		6142A8222B63921500649BBE /* UserProfileTwoView.swift in Sources */ = {isa = PBXBuildFile; fileRef = 6142A8212B63921500649BBE /* UserProfileTwoView.swift */; };
/* End PBXBuildFile section */

/* Begin PBXContainerItemProxy section */
		611179CF2B5EDACB00989C42 /* PBXContainerItemProxy */ = {
			isa = PBXContainerItemProxy;
			containerPortal = 611179B62B5EDACA00989C42 /* Project object */;
			proxyType = 1;
			remoteGlobalIDString = 611179BD2B5EDACA00989C42;
			remoteInfo = clearoutt;
		};
		611179D92B5EDACB00989C42 /* PBXContainerItemProxy */ = {
			isa = PBXContainerItemProxy;
			containerPortal = 611179B62B5EDACA00989C42 /* Project object */;
			proxyType = 1;
			remoteGlobalIDString = 611179BD2B5EDACA00989C42;
			remoteInfo = clearoutt;
		};
/* End PBXContainerItemProxy section */

/* Begin PBXFileReference section */
		610E3ABC2B6163EC0081A3F0 /* BuyView.swift */ = {isa = PBXFileReference; lastKnownFileType = sourcecode.swift; path = BuyView.swift; sourceTree = "<group>"; };
		610E3AC02B6164660081A3F0 /* SellView.swift */ = {isa = PBXFileReference; lastKnownFileType = sourcecode.swift; path = SellView.swift; sourceTree = "<group>"; };
		610E3AC22B6164970081A3F0 /* DonateView.swift */ = {isa = PBXFileReference; lastKnownFileType = sourcecode.swift; path = DonateView.swift; sourceTree = "<group>"; };
		610E3AC42B6215710081A3F0 /* RentView.swift */ = {isa = PBXFileReference; lastKnownFileType = sourcecode.swift; path = RentView.swift; sourceTree = "<group>"; };
		610E3AC62B6228190081A3F0 /* GoogleService-Info.plist */ = {isa = PBXFileReference; fileEncoding = 4; lastKnownFileType = text.plist.xml; path = "GoogleService-Info.plist"; sourceTree = "<group>"; };
		610E3B012B622E3F0081A3F0 /* SignUpView.swift */ = {isa = PBXFileReference; lastKnownFileType = sourcecode.swift; path = SignUpView.swift; sourceTree = "<group>"; };
		610E3B052B622E500081A3F0 /* SignInView.swift */ = {isa = PBXFileReference; lastKnownFileType = sourcecode.swift; path = SignInView.swift; sourceTree = "<group>"; };
		611179BE2B5EDACA00989C42 /* clearoutt.app */ = {isa = PBXFileReference; explicitFileType = wrapper.application; includeInIndex = 0; path = clearoutt.app; sourceTree = BUILT_PRODUCTS_DIR; };
		611179C12B5EDACA00989C42 /* clearouttApp.swift */ = {isa = PBXFileReference; lastKnownFileType = sourcecode.swift; path = clearouttApp.swift; sourceTree = "<group>"; };
		611179C32B5EDACA00989C42 /* ContentView.swift */ = {isa = PBXFileReference; lastKnownFileType = sourcecode.swift; path = ContentView.swift; sourceTree = "<group>"; };
		611179C52B5EDACB00989C42 /* Assets.xcassets */ = {isa = PBXFileReference; lastKnownFileType = folder.assetcatalog; path = Assets.xcassets; sourceTree = "<group>"; };
		611179C82B5EDACB00989C42 /* Preview Assets.xcassets */ = {isa = PBXFileReference; lastKnownFileType = folder.assetcatalog; path = "Preview Assets.xcassets"; sourceTree = "<group>"; };
		611179CE2B5EDACB00989C42 /* clearouttTests.xctest */ = {isa = PBXFileReference; explicitFileType = wrapper.cfbundle; includeInIndex = 0; path = clearouttTests.xctest; sourceTree = BUILT_PRODUCTS_DIR; };
		611179D22B5EDACB00989C42 /* clearouttTests.swift */ = {isa = PBXFileReference; lastKnownFileType = sourcecode.swift; path = clearouttTests.swift; sourceTree = "<group>"; };
		611179D82B5EDACB00989C42 /* clearouttUITests.xctest */ = {isa = PBXFileReference; explicitFileType = wrapper.cfbundle; includeInIndex = 0; path = clearouttUITests.xctest; sourceTree = BUILT_PRODUCTS_DIR; };
		611179DC2B5EDACB00989C42 /* clearouttUITests.swift */ = {isa = PBXFileReference; lastKnownFileType = sourcecode.swift; path = clearouttUITests.swift; sourceTree = "<group>"; };
		611179DE2B5EDACB00989C42 /* clearouttUITestsLaunchTests.swift */ = {isa = PBXFileReference; lastKnownFileType = sourcecode.swift; path = clearouttUITestsLaunchTests.swift; sourceTree = "<group>"; };
		611179EF2B5EDD5A00989C42 /* BagView.swift */ = {isa = PBXFileReference; lastKnownFileType = sourcecode.swift; path = BagView.swift; sourceTree = "<group>"; };
		611179F32B5EDD9300989C42 /* WishlistView.swift */ = {isa = PBXFileReference; lastKnownFileType = sourcecode.swift; path = WishlistView.swift; sourceTree = "<group>"; };
		611179F52B5EDDBC00989C42 /* UserProfileView.swift */ = {isa = PBXFileReference; lastKnownFileType = sourcecode.swift; path = UserProfileView.swift; sourceTree = "<group>"; };
		611179F72B5EDE3A00989C42 /* UserSession.swift */ = {isa = PBXFileReference; lastKnownFileType = sourcecode.swift; path = UserSession.swift; sourceTree = "<group>"; };
		611179F92B5EE09700989C42 /* CameraView.swift */ = {isa = PBXFileReference; lastKnownFileType = sourcecode.swift; path = CameraView.swift; sourceTree = "<group>"; };
		6142A81D2B62BFB900649BBE /* College.swift */ = {isa = PBXFileReference; lastKnownFileType = sourcecode.swift; path = College.swift; sourceTree = "<group>"; };
		6142A81F2B62C6BD00649BBE /* CollegeDataFetcher.swift */ = {isa = PBXFileReference; lastKnownFileType = sourcecode.swift; path = CollegeDataFetcher.swift; sourceTree = "<group>"; };
		6142A8212B63921500649BBE /* UserProfileTwoView.swift */ = {isa = PBXFileReference; lastKnownFileType = sourcecode.swift; path = UserProfileTwoView.swift; sourceTree = "<group>"; };
/* End PBXFileReference section */

/* Begin PBXFrameworksBuildPhase section */
		611179BB2B5EDACA00989C42 /* Frameworks */ = {
			isa = PBXFrameworksBuildPhase;
			buildActionMask = 2147483647;
			files = (
				610E3ADE2B622A770081A3F0 /* FirebaseDatabase in Frameworks */,
				610E3AEC2B622A770081A3F0 /* FirebaseFunctionsCombine-Community in Frameworks */,
				610E3AE42B622A770081A3F0 /* FirebaseFirestore in Frameworks */,
				610E3AD02B622A770081A3F0 /* FirebaseAnalyticsSwift in Frameworks */,
				610E3ACC2B622A770081A3F0 /* FirebaseAnalytics in Frameworks */,
				610E3ACE2B622A770081A3F0 /* FirebaseAnalyticsOnDeviceConversion in Frameworks */,
				610E3AF42B622A770081A3F0 /* FirebaseMLModelDownloader in Frameworks */,
				610E3AE82B622A770081A3F0 /* FirebaseFirestoreSwift in Frameworks */,
				610E3AD42B622A770081A3F0 /* FirebaseAppCheck in Frameworks */,
				610E3AD22B622A770081A3F0 /* FirebaseAnalyticsWithoutAdIdSupport in Frameworks */,
				610E3AD82B622A770081A3F0 /* FirebaseAuth in Frameworks */,
				610E3ADC2B622A770081A3F0 /* FirebaseCrashlytics in Frameworks */,
				610E3AFC2B622A770081A3F0 /* FirebaseRemoteConfigSwift in Frameworks */,
				610E3AEE2B622A770081A3F0 /* FirebaseInAppMessaging-Beta in Frameworks */,
				610E3AE02B622A770081A3F0 /* FirebaseDatabaseSwift in Frameworks */,
				610E3AEA2B622A770081A3F0 /* FirebaseFunctions in Frameworks */,
				610E3B002B622A770081A3F0 /* FirebaseStorageCombine-Community in Frameworks */,
				610E3AFA2B622A770081A3F0 /* FirebaseRemoteConfig in Frameworks */,
				610E3AD62B622A770081A3F0 /* FirebaseAppDistribution-Beta in Frameworks */,
				610E3ADA2B622A770081A3F0 /* FirebaseAuthCombine-Community in Frameworks */,
				610E3AF82B622A770081A3F0 /* FirebasePerformance in Frameworks */,
				610E3AF02B622A770081A3F0 /* FirebaseInAppMessagingSwift-Beta in Frameworks */,
				610E3AFE2B622A770081A3F0 /* FirebaseStorage in Frameworks */,
				610E3AE22B622A770081A3F0 /* FirebaseDynamicLinks in Frameworks */,
				610E3AE62B622A770081A3F0 /* FirebaseFirestoreCombine-Community in Frameworks */,
				610E3AF62B622A770081A3F0 /* FirebaseMessaging in Frameworks */,
				610E3AF22B622A770081A3F0 /* FirebaseInstallations in Frameworks */,
			);
			runOnlyForDeploymentPostprocessing = 0;
		};
		611179CB2B5EDACB00989C42 /* Frameworks */ = {
			isa = PBXFrameworksBuildPhase;
			buildActionMask = 2147483647;
			files = (
			);
			runOnlyForDeploymentPostprocessing = 0;
		};
		611179D52B5EDACB00989C42 /* Frameworks */ = {
			isa = PBXFrameworksBuildPhase;
			buildActionMask = 2147483647;
			files = (
			);
			runOnlyForDeploymentPostprocessing = 0;
		};
/* End PBXFrameworksBuildPhase section */

/* Begin PBXGroup section */
		611179B52B5EDACA00989C42 = {
			isa = PBXGroup;
			children = (
				611179C02B5EDACA00989C42 /* clearoutt */,
				611179D12B5EDACB00989C42 /* clearouttTests */,
				611179DB2B5EDACB00989C42 /* clearouttUITests */,
				611179BF2B5EDACA00989C42 /* Products */,
			);
			sourceTree = "<group>";
		};
		611179BF2B5EDACA00989C42 /* Products */ = {
			isa = PBXGroup;
			children = (
				611179BE2B5EDACA00989C42 /* clearoutt.app */,
				611179CE2B5EDACB00989C42 /* clearouttTests.xctest */,
				611179D82B5EDACB00989C42 /* clearouttUITests.xctest */,
			);
			name = Products;
			sourceTree = "<group>";
		};
		611179C02B5EDACA00989C42 /* clearoutt */ = {
			isa = PBXGroup;
			children = (
				611179C12B5EDACA00989C42 /* clearouttApp.swift */,
				611179C32B5EDACA00989C42 /* ContentView.swift */,
				610E3ABC2B6163EC0081A3F0 /* BuyView.swift */,
				610E3AC42B6215710081A3F0 /* RentView.swift */,
				610E3AC02B6164660081A3F0 /* SellView.swift */,
				610E3AC22B6164970081A3F0 /* DonateView.swift */,
				611179F52B5EDDBC00989C42 /* UserProfileView.swift */,
				611179F32B5EDD9300989C42 /* WishlistView.swift */,
				611179EF2B5EDD5A00989C42 /* BagView.swift */,
				611179F72B5EDE3A00989C42 /* UserSession.swift */,
				611179F92B5EE09700989C42 /* CameraView.swift */,
				610E3B012B622E3F0081A3F0 /* SignUpView.swift */,
				610E3B052B622E500081A3F0 /* SignInView.swift */,
				6142A81D2B62BFB900649BBE /* College.swift */,
				6142A81F2B62C6BD00649BBE /* CollegeDataFetcher.swift */,
				6142A8212B63921500649BBE /* UserProfileTwoView.swift */,
				610E3AC62B6228190081A3F0 /* GoogleService-Info.plist */,
				611179C52B5EDACB00989C42 /* Assets.xcassets */,
				611179C72B5EDACB00989C42 /* Preview Content */,
			);
			path = clearoutt;
			sourceTree = "<group>";
		};
		611179C72B5EDACB00989C42 /* Preview Content */ = {
			isa = PBXGroup;
			children = (
				611179C82B5EDACB00989C42 /* Preview Assets.xcassets */,
			);
			path = "Preview Content";
			sourceTree = "<group>";
		};
		611179D12B5EDACB00989C42 /* clearouttTests */ = {
			isa = PBXGroup;
			children = (
				611179D22B5EDACB00989C42 /* clearouttTests.swift */,
			);
			path = clearouttTests;
			sourceTree = "<group>";
		};
		611179DB2B5EDACB00989C42 /* clearouttUITests */ = {
			isa = PBXGroup;
			children = (
				611179DC2B5EDACB00989C42 /* clearouttUITests.swift */,
				611179DE2B5EDACB00989C42 /* clearouttUITestsLaunchTests.swift */,
			);
			path = clearouttUITests;
			sourceTree = "<group>";
		};
/* End PBXGroup section */

/* Begin PBXNativeTarget section */
		611179BD2B5EDACA00989C42 /* clearoutt */ = {
			isa = PBXNativeTarget;
			buildConfigurationList = 611179E22B5EDACB00989C42 /* Build configuration list for PBXNativeTarget "clearoutt" */;
			buildPhases = (
				611179BA2B5EDACA00989C42 /* Sources */,
				611179BB2B5EDACA00989C42 /* Frameworks */,
				611179BC2B5EDACA00989C42 /* Resources */,
			);
			buildRules = (
			);
			dependencies = (
			);
			name = clearoutt;
			packageProductDependencies = (
				610E3ACB2B622A770081A3F0 /* FirebaseAnalytics */,
				610E3ACD2B622A770081A3F0 /* FirebaseAnalyticsOnDeviceConversion */,
				610E3ACF2B622A770081A3F0 /* FirebaseAnalyticsSwift */,
				610E3AD12B622A770081A3F0 /* FirebaseAnalyticsWithoutAdIdSupport */,
				610E3AD32B622A770081A3F0 /* FirebaseAppCheck */,
				610E3AD52B622A770081A3F0 /* FirebaseAppDistribution-Beta */,
				610E3AD72B622A770081A3F0 /* FirebaseAuth */,
				610E3AD92B622A770081A3F0 /* FirebaseAuthCombine-Community */,
				610E3ADB2B622A770081A3F0 /* FirebaseCrashlytics */,
				610E3ADD2B622A770081A3F0 /* FirebaseDatabase */,
				610E3ADF2B622A770081A3F0 /* FirebaseDatabaseSwift */,
				610E3AE12B622A770081A3F0 /* FirebaseDynamicLinks */,
				610E3AE32B622A770081A3F0 /* FirebaseFirestore */,
				610E3AE52B622A770081A3F0 /* FirebaseFirestoreCombine-Community */,
				610E3AE72B622A770081A3F0 /* FirebaseFirestoreSwift */,
				610E3AE92B622A770081A3F0 /* FirebaseFunctions */,
				610E3AEB2B622A770081A3F0 /* FirebaseFunctionsCombine-Community */,
				610E3AED2B622A770081A3F0 /* FirebaseInAppMessaging-Beta */,
				610E3AEF2B622A770081A3F0 /* FirebaseInAppMessagingSwift-Beta */,
				610E3AF12B622A770081A3F0 /* FirebaseInstallations */,
				610E3AF32B622A770081A3F0 /* FirebaseMLModelDownloader */,
				610E3AF52B622A770081A3F0 /* FirebaseMessaging */,
				610E3AF72B622A770081A3F0 /* FirebasePerformance */,
				610E3AF92B622A770081A3F0 /* FirebaseRemoteConfig */,
				610E3AFB2B622A770081A3F0 /* FirebaseRemoteConfigSwift */,
				610E3AFD2B622A770081A3F0 /* FirebaseStorage */,
				610E3AFF2B622A770081A3F0 /* FirebaseStorageCombine-Community */,
			);
			productName = clearoutt;
			productReference = 611179BE2B5EDACA00989C42 /* clearoutt.app */;
			productType = "com.apple.product-type.application";
		};
		611179CD2B5EDACB00989C42 /* clearouttTests */ = {
			isa = PBXNativeTarget;
			buildConfigurationList = 611179E52B5EDACB00989C42 /* Build configuration list for PBXNativeTarget "clearouttTests" */;
			buildPhases = (
				611179CA2B5EDACB00989C42 /* Sources */,
				611179CB2B5EDACB00989C42 /* Frameworks */,
				611179CC2B5EDACB00989C42 /* Resources */,
			);
			buildRules = (
			);
			dependencies = (
				611179D02B5EDACB00989C42 /* PBXTargetDependency */,
			);
			name = clearouttTests;
			productName = clearouttTests;
			productReference = 611179CE2B5EDACB00989C42 /* clearouttTests.xctest */;
			productType = "com.apple.product-type.bundle.unit-test";
		};
		611179D72B5EDACB00989C42 /* clearouttUITests */ = {
			isa = PBXNativeTarget;
			buildConfigurationList = 611179E82B5EDACB00989C42 /* Build configuration list for PBXNativeTarget "clearouttUITests" */;
			buildPhases = (
				611179D42B5EDACB00989C42 /* Sources */,
				611179D52B5EDACB00989C42 /* Frameworks */,
				611179D62B5EDACB00989C42 /* Resources */,
			);
			buildRules = (
			);
			dependencies = (
				611179DA2B5EDACB00989C42 /* PBXTargetDependency */,
			);
			name = clearouttUITests;
			productName = clearouttUITests;
			productReference = 611179D82B5EDACB00989C42 /* clearouttUITests.xctest */;
			productType = "com.apple.product-type.bundle.ui-testing";
		};
/* End PBXNativeTarget section */

/* Begin PBXProject section */
		611179B62B5EDACA00989C42 /* Project object */ = {
			isa = PBXProject;
			attributes = {
				BuildIndependentTargetsInParallel = 1;
				LastSwiftUpdateCheck = 1500;
				LastUpgradeCheck = 1500;
				TargetAttributes = {
					611179BD2B5EDACA00989C42 = {
						CreatedOnToolsVersion = 15.0;
					};
					611179CD2B5EDACB00989C42 = {
						CreatedOnToolsVersion = 15.0;
						TestTargetID = 611179BD2B5EDACA00989C42;
					};
					611179D72B5EDACB00989C42 = {
						CreatedOnToolsVersion = 15.0;
						TestTargetID = 611179BD2B5EDACA00989C42;
					};
				};
			};
			buildConfigurationList = 611179B92B5EDACA00989C42 /* Build configuration list for PBXProject "clearoutt" */;
			compatibilityVersion = "Xcode 14.0";
			developmentRegion = en;
			hasScannedForEncodings = 0;
			knownRegions = (
				en,
				Base,
			);
			mainGroup = 611179B52B5EDACA00989C42;
			packageReferences = (
				610E3ACA2B622A760081A3F0 /* XCRemoteSwiftPackageReference "firebase-ios-sdk" */,
			);
			productRefGroup = 611179BF2B5EDACA00989C42 /* Products */;
			projectDirPath = "";
			projectRoot = "";
			targets = (
				611179BD2B5EDACA00989C42 /* clearoutt */,
				611179CD2B5EDACB00989C42 /* clearouttTests */,
				611179D72B5EDACB00989C42 /* clearouttUITests */,
			);
		};
/* End PBXProject section */

/* Begin PBXResourcesBuildPhase section */
		611179BC2B5EDACA00989C42 /* Resources */ = {
			isa = PBXResourcesBuildPhase;
			buildActionMask = 2147483647;
			files = (
				611179C92B5EDACB00989C42 /* Preview Assets.xcassets in Resources */,
				611179C62B5EDACB00989C42 /* Assets.xcassets in Resources */,
				610E3AC72B6228190081A3F0 /* GoogleService-Info.plist in Resources */,
			);
			runOnlyForDeploymentPostprocessing = 0;
		};
		611179CC2B5EDACB00989C42 /* Resources */ = {
			isa = PBXResourcesBuildPhase;
			buildActionMask = 2147483647;
			files = (
				610E3AC82B6228190081A3F0 /* GoogleService-Info.plist in Resources */,
			);
			runOnlyForDeploymentPostprocessing = 0;
		};
		611179D62B5EDACB00989C42 /* Resources */ = {
			isa = PBXResourcesBuildPhase;
			buildActionMask = 2147483647;
			files = (
				610E3AC92B6228190081A3F0 /* GoogleService-Info.plist in Resources */,
			);
			runOnlyForDeploymentPostprocessing = 0;
		};
/* End PBXResourcesBuildPhase section */

/* Begin PBXSourcesBuildPhase section */
		611179BA2B5EDACA00989C42 /* Sources */ = {
			isa = PBXSourcesBuildPhase;
			buildActionMask = 2147483647;
			files = (
				610E3AC32B6164970081A3F0 /* DonateView.swift in Sources */,
				610E3AC12B6164660081A3F0 /* SellView.swift in Sources */,
				610E3AC52B6215710081A3F0 /* RentView.swift in Sources */,
				611179F62B5EDDBC00989C42 /* UserProfileView.swift in Sources */,
				610E3B022B622E3F0081A3F0 /* SignUpView.swift in Sources */,
				611179F42B5EDD9300989C42 /* WishlistView.swift in Sources */,
				610E3ABD2B6163EC0081A3F0 /* BuyView.swift in Sources */,
				611179FA2B5EE09700989C42 /* CameraView.swift in Sources */,
				6142A8222B63921500649BBE /* UserProfileTwoView.swift in Sources */,
				611179C42B5EDACA00989C42 /* ContentView.swift in Sources */,
				6142A8202B62C6BD00649BBE /* CollegeDataFetcher.swift in Sources */,
				611179C22B5EDACA00989C42 /* clearouttApp.swift in Sources */,
				611179F02B5EDD5A00989C42 /* BagView.swift in Sources */,
				6142A81E2B62BFB900649BBE /* College.swift in Sources */,
				611179F82B5EDE3A00989C42 /* UserSession.swift in Sources */,
				610E3B062B622E500081A3F0 /* SignInView.swift in Sources */,
			);
			runOnlyForDeploymentPostprocessing = 0;
		};
		611179CA2B5EDACB00989C42 /* Sources */ = {
			isa = PBXSourcesBuildPhase;
			buildActionMask = 2147483647;
			files = (
				610E3B072B622E500081A3F0 /* SignInView.swift in Sources */,
				610E3B032B622E3F0081A3F0 /* SignUpView.swift in Sources */,
				611179D32B5EDACB00989C42 /* clearouttTests.swift in Sources */,
			);
			runOnlyForDeploymentPostprocessing = 0;
		};
		611179D42B5EDACB00989C42 /* Sources */ = {
			isa = PBXSourcesBuildPhase;
			buildActionMask = 2147483647;
			files = (
				611179DF2B5EDACB00989C42 /* clearouttUITestsLaunchTests.swift in Sources */,
				610E3B042B622E3F0081A3F0 /* SignUpView.swift in Sources */,
				610E3B082B622E500081A3F0 /* SignInView.swift in Sources */,
				611179DD2B5EDACB00989C42 /* clearouttUITests.swift in Sources */,
			);
			runOnlyForDeploymentPostprocessing = 0;
		};
/* End PBXSourcesBuildPhase section */

/* Begin PBXTargetDependency section */
		611179D02B5EDACB00989C42 /* PBXTargetDependency */ = {
			isa = PBXTargetDependency;
			target = 611179BD2B5EDACA00989C42 /* clearoutt */;
			targetProxy = 611179CF2B5EDACB00989C42 /* PBXContainerItemProxy */;
		};
		611179DA2B5EDACB00989C42 /* PBXTargetDependency */ = {
			isa = PBXTargetDependency;
			target = 611179BD2B5EDACA00989C42 /* clearoutt */;
			targetProxy = 611179D92B5EDACB00989C42 /* PBXContainerItemProxy */;
		};
/* End PBXTargetDependency section */

/* Begin XCBuildConfiguration section */
		611179E02B5EDACB00989C42 /* Debug */ = {
			isa = XCBuildConfiguration;
			buildSettings = {
				ALWAYS_SEARCH_USER_PATHS = NO;
				ASSETCATALOG_COMPILER_GENERATE_SWIFT_ASSET_SYMBOL_EXTENSIONS = YES;
				CLANG_ANALYZER_NONNULL = YES;
				CLANG_ANALYZER_NUMBER_OBJECT_CONVERSION = YES_AGGRESSIVE;
				CLANG_CXX_LANGUAGE_STANDARD = "gnu++20";
				CLANG_ENABLE_MODULES = YES;
				CLANG_ENABLE_OBJC_ARC = YES;
				CLANG_ENABLE_OBJC_WEAK = YES;
				CLANG_WARN_BLOCK_CAPTURE_AUTORELEASING = YES;
				CLANG_WARN_BOOL_CONVERSION = YES;
				CLANG_WARN_COMMA = YES;
				CLANG_WARN_CONSTANT_CONVERSION = YES;
				CLANG_WARN_DEPRECATED_OBJC_IMPLEMENTATIONS = YES;
				CLANG_WARN_DIRECT_OBJC_ISA_USAGE = YES_ERROR;
				CLANG_WARN_DOCUMENTATION_COMMENTS = YES;
				CLANG_WARN_EMPTY_BODY = YES;
				CLANG_WARN_ENUM_CONVERSION = YES;
				CLANG_WARN_INFINITE_RECURSION = YES;
				CLANG_WARN_INT_CONVERSION = YES;
				CLANG_WARN_NON_LITERAL_NULL_CONVERSION = YES;
				CLANG_WARN_OBJC_IMPLICIT_RETAIN_SELF = YES;
				CLANG_WARN_OBJC_LITERAL_CONVERSION = YES;
				CLANG_WARN_OBJC_ROOT_CLASS = YES_ERROR;
				CLANG_WARN_QUOTED_INCLUDE_IN_FRAMEWORK_HEADER = YES;
				CLANG_WARN_RANGE_LOOP_ANALYSIS = YES;
				CLANG_WARN_STRICT_PROTOTYPES = YES;
				CLANG_WARN_SUSPICIOUS_MOVE = YES;
				CLANG_WARN_UNGUARDED_AVAILABILITY = YES_AGGRESSIVE;
				CLANG_WARN_UNREACHABLE_CODE = YES;
				CLANG_WARN__DUPLICATE_METHOD_MATCH = YES;
				COPY_PHASE_STRIP = NO;
				DEBUG_INFORMATION_FORMAT = dwarf;
				ENABLE_STRICT_OBJC_MSGSEND = YES;
				ENABLE_TESTABILITY = YES;
				ENABLE_USER_SCRIPT_SANDBOXING = YES;
				GCC_C_LANGUAGE_STANDARD = gnu17;
				GCC_DYNAMIC_NO_PIC = NO;
				GCC_NO_COMMON_BLOCKS = YES;
				GCC_OPTIMIZATION_LEVEL = 0;
				GCC_PREPROCESSOR_DEFINITIONS = (
					"DEBUG=1",
					"$(inherited)",
				);
				GCC_WARN_64_TO_32_BIT_CONVERSION = YES;
				GCC_WARN_ABOUT_RETURN_TYPE = YES_ERROR;
				GCC_WARN_UNDECLARED_SELECTOR = YES;
				GCC_WARN_UNINITIALIZED_AUTOS = YES_AGGRESSIVE;
				GCC_WARN_UNUSED_FUNCTION = YES;
				GCC_WARN_UNUSED_VARIABLE = YES;
				IPHONEOS_DEPLOYMENT_TARGET = 17.0;
				LOCALIZATION_PREFERS_STRING_CATALOGS = YES;
				MTL_ENABLE_DEBUG_INFO = INCLUDE_SOURCE;
				MTL_FAST_MATH = YES;
				ONLY_ACTIVE_ARCH = YES;
				SDKROOT = iphoneos;
				SWIFT_ACTIVE_COMPILATION_CONDITIONS = "DEBUG $(inherited)";
				SWIFT_OPTIMIZATION_LEVEL = "-Onone";
			};
			name = Debug;
		};
		611179E12B5EDACB00989C42 /* Release */ = {
			isa = XCBuildConfiguration;
			buildSettings = {
				ALWAYS_SEARCH_USER_PATHS = NO;
				ASSETCATALOG_COMPILER_GENERATE_SWIFT_ASSET_SYMBOL_EXTENSIONS = YES;
				CLANG_ANALYZER_NONNULL = YES;
				CLANG_ANALYZER_NUMBER_OBJECT_CONVERSION = YES_AGGRESSIVE;
				CLANG_CXX_LANGUAGE_STANDARD = "gnu++20";
				CLANG_ENABLE_MODULES = YES;
				CLANG_ENABLE_OBJC_ARC = YES;
				CLANG_ENABLE_OBJC_WEAK = YES;
				CLANG_WARN_BLOCK_CAPTURE_AUTORELEASING = YES;
				CLANG_WARN_BOOL_CONVERSION = YES;
				CLANG_WARN_COMMA = YES;
				CLANG_WARN_CONSTANT_CONVERSION = YES;
				CLANG_WARN_DEPRECATED_OBJC_IMPLEMENTATIONS = YES;
				CLANG_WARN_DIRECT_OBJC_ISA_USAGE = YES_ERROR;
				CLANG_WARN_DOCUMENTATION_COMMENTS = YES;
				CLANG_WARN_EMPTY_BODY = YES;
				CLANG_WARN_ENUM_CONVERSION = YES;
				CLANG_WARN_INFINITE_RECURSION = YES;
				CLANG_WARN_INT_CONVERSION = YES;
				CLANG_WARN_NON_LITERAL_NULL_CONVERSION = YES;
				CLANG_WARN_OBJC_IMPLICIT_RETAIN_SELF = YES;
				CLANG_WARN_OBJC_LITERAL_CONVERSION = YES;
				CLANG_WARN_OBJC_ROOT_CLASS = YES_ERROR;
				CLANG_WARN_QUOTED_INCLUDE_IN_FRAMEWORK_HEADER = YES;
				CLANG_WARN_RANGE_LOOP_ANALYSIS = YES;
				CLANG_WARN_STRICT_PROTOTYPES = YES;
				CLANG_WARN_SUSPICIOUS_MOVE = YES;
				CLANG_WARN_UNGUARDED_AVAILABILITY = YES_AGGRESSIVE;
				CLANG_WARN_UNREACHABLE_CODE = YES;
				CLANG_WARN__DUPLICATE_METHOD_MATCH = YES;
				COPY_PHASE_STRIP = NO;
				DEBUG_INFORMATION_FORMAT = "dwarf-with-dsym";
				ENABLE_NS_ASSERTIONS = NO;
				ENABLE_STRICT_OBJC_MSGSEND = YES;
				ENABLE_USER_SCRIPT_SANDBOXING = YES;
				GCC_C_LANGUAGE_STANDARD = gnu17;
				GCC_NO_COMMON_BLOCKS = YES;
				GCC_WARN_64_TO_32_BIT_CONVERSION = YES;
				GCC_WARN_ABOUT_RETURN_TYPE = YES_ERROR;
				GCC_WARN_UNDECLARED_SELECTOR = YES;
				GCC_WARN_UNINITIALIZED_AUTOS = YES_AGGRESSIVE;
				GCC_WARN_UNUSED_FUNCTION = YES;
				GCC_WARN_UNUSED_VARIABLE = YES;
				IPHONEOS_DEPLOYMENT_TARGET = 17.0;
				LOCALIZATION_PREFERS_STRING_CATALOGS = YES;
				MTL_ENABLE_DEBUG_INFO = NO;
				MTL_FAST_MATH = YES;
				SDKROOT = iphoneos;
				SWIFT_COMPILATION_MODE = wholemodule;
				VALIDATE_PRODUCT = YES;
			};
			name = Release;
		};
		611179E32B5EDACB00989C42 /* Debug */ = {
			isa = XCBuildConfiguration;
			buildSettings = {
				ASSETCATALOG_COMPILER_APPICON_NAME = AppIcon;
				ASSETCATALOG_COMPILER_GLOBAL_ACCENT_COLOR_NAME = AccentColor;
				CODE_SIGN_STYLE = Automatic;
				CURRENT_PROJECT_VERSION = 1;
				DEVELOPMENT_ASSET_PATHS = "\"clearoutt/Preview Content\"";
				DEVELOPMENT_TEAM = 3453894TV5;
				ENABLE_PREVIEWS = YES;
				GENERATE_INFOPLIST_FILE = YES;
				INFOPLIST_KEY_UIApplicationSceneManifest_Generation = YES;
				INFOPLIST_KEY_UIApplicationSupportsIndirectInputEvents = YES;
				INFOPLIST_KEY_UILaunchScreen_Generation = YES;
				INFOPLIST_KEY_UISupportedInterfaceOrientations_iPad = "UIInterfaceOrientationPortrait UIInterfaceOrientationPortraitUpsideDown UIInterfaceOrientationLandscapeLeft UIInterfaceOrientationLandscapeRight";
				INFOPLIST_KEY_UISupportedInterfaceOrientations_iPhone = "UIInterfaceOrientationPortrait UIInterfaceOrientationLandscapeLeft UIInterfaceOrientationLandscapeRight";
				LD_RUNPATH_SEARCH_PATHS = (
					"$(inherited)",
					"@executable_path/Frameworks",
				);
				MARKETING_VERSION = 1.0;
				PRODUCT_BUNDLE_IDENTIFIER = com.cocoa.clearout;
				PRODUCT_NAME = "$(TARGET_NAME)";
				SWIFT_EMIT_LOC_STRINGS = YES;
				SWIFT_VERSION = 5.0;
				TARGETED_DEVICE_FAMILY = "1,2";
			};
			name = Debug;
		};
		611179E42B5EDACB00989C42 /* Release */ = {
			isa = XCBuildConfiguration;
			buildSettings = {
				ASSETCATALOG_COMPILER_APPICON_NAME = AppIcon;
				ASSETCATALOG_COMPILER_GLOBAL_ACCENT_COLOR_NAME = AccentColor;
				CODE_SIGN_STYLE = Automatic;
				CURRENT_PROJECT_VERSION = 1;
				DEVELOPMENT_ASSET_PATHS = "\"clearoutt/Preview Content\"";
				DEVELOPMENT_TEAM = 3453894TV5;
				ENABLE_PREVIEWS = YES;
				GENERATE_INFOPLIST_FILE = YES;
				INFOPLIST_KEY_UIApplicationSceneManifest_Generation = YES;
				INFOPLIST_KEY_UIApplicationSupportsIndirectInputEvents = YES;
				INFOPLIST_KEY_UILaunchScreen_Generation = YES;
				INFOPLIST_KEY_UISupportedInterfaceOrientations_iPad = "UIInterfaceOrientationPortrait UIInterfaceOrientationPortraitUpsideDown UIInterfaceOrientationLandscapeLeft UIInterfaceOrientationLandscapeRight";
				INFOPLIST_KEY_UISupportedInterfaceOrientations_iPhone = "UIInterfaceOrientationPortrait UIInterfaceOrientationLandscapeLeft UIInterfaceOrientationLandscapeRight";
				LD_RUNPATH_SEARCH_PATHS = (
					"$(inherited)",
					"@executable_path/Frameworks",
				);
				MARKETING_VERSION = 1.0;
				PRODUCT_BUNDLE_IDENTIFIER = com.cocoa.clearout;
				PRODUCT_NAME = "$(TARGET_NAME)";
				SWIFT_EMIT_LOC_STRINGS = YES;
				SWIFT_VERSION = 5.0;
				TARGETED_DEVICE_FAMILY = "1,2";
			};
			name = Release;
		};
		611179E62B5EDACB00989C42 /* Debug */ = {
			isa = XCBuildConfiguration;
			buildSettings = {
				ALWAYS_EMBED_SWIFT_STANDARD_LIBRARIES = YES;
				BUNDLE_LOADER = "$(TEST_HOST)";
				CODE_SIGN_STYLE = Automatic;
				CURRENT_PROJECT_VERSION = 1;
				DEVELOPMENT_TEAM = 3453894TV5;
				GENERATE_INFOPLIST_FILE = YES;
				IPHONEOS_DEPLOYMENT_TARGET = 17.0;
				MARKETING_VERSION = 1.0;
				PRODUCT_BUNDLE_IDENTIFIER = BRA.clearouttTests;
				PRODUCT_NAME = "$(TARGET_NAME)";
				SWIFT_EMIT_LOC_STRINGS = NO;
				SWIFT_VERSION = 5.0;
				TARGETED_DEVICE_FAMILY = "1,2";
				TEST_HOST = "$(BUILT_PRODUCTS_DIR)/clearoutt.app/$(BUNDLE_EXECUTABLE_FOLDER_PATH)/clearoutt";
			};
			name = Debug;
		};
		611179E72B5EDACB00989C42 /* Release */ = {
			isa = XCBuildConfiguration;
			buildSettings = {
				ALWAYS_EMBED_SWIFT_STANDARD_LIBRARIES = YES;
				BUNDLE_LOADER = "$(TEST_HOST)";
				CODE_SIGN_STYLE = Automatic;
				CURRENT_PROJECT_VERSION = 1;
				DEVELOPMENT_TEAM = 3453894TV5;
				GENERATE_INFOPLIST_FILE = YES;
				IPHONEOS_DEPLOYMENT_TARGET = 17.0;
				MARKETING_VERSION = 1.0;
				PRODUCT_BUNDLE_IDENTIFIER = BRA.clearouttTests;
				PRODUCT_NAME = "$(TARGET_NAME)";
				SWIFT_EMIT_LOC_STRINGS = NO;
				SWIFT_VERSION = 5.0;
				TARGETED_DEVICE_FAMILY = "1,2";
				TEST_HOST = "$(BUILT_PRODUCTS_DIR)/clearoutt.app/$(BUNDLE_EXECUTABLE_FOLDER_PATH)/clearoutt";
			};
			name = Release;
		};
		611179E92B5EDACB00989C42 /* Debug */ = {
			isa = XCBuildConfiguration;
			buildSettings = {
				ALWAYS_EMBED_SWIFT_STANDARD_LIBRARIES = YES;
				CODE_SIGN_STYLE = Automatic;
				CURRENT_PROJECT_VERSION = 1;
				DEVELOPMENT_TEAM = 3453894TV5;
				GENERATE_INFOPLIST_FILE = YES;
				MARKETING_VERSION = 1.0;
				PRODUCT_BUNDLE_IDENTIFIER = BRA.clearouttUITests;
				PRODUCT_NAME = "$(TARGET_NAME)";
				SWIFT_EMIT_LOC_STRINGS = NO;
				SWIFT_VERSION = 5.0;
				TARGETED_DEVICE_FAMILY = "1,2";
				TEST_TARGET_NAME = clearoutt;
			};
			name = Debug;
		};
		611179EA2B5EDACB00989C42 /* Release */ = {
			isa = XCBuildConfiguration;
			buildSettings = {
				ALWAYS_EMBED_SWIFT_STANDARD_LIBRARIES = YES;
				CODE_SIGN_STYLE = Automatic;
				CURRENT_PROJECT_VERSION = 1;
				DEVELOPMENT_TEAM = 3453894TV5;
				GENERATE_INFOPLIST_FILE = YES;
				MARKETING_VERSION = 1.0;
				PRODUCT_BUNDLE_IDENTIFIER = BRA.clearouttUITests;
				PRODUCT_NAME = "$(TARGET_NAME)";
				SWIFT_EMIT_LOC_STRINGS = NO;
				SWIFT_VERSION = 5.0;
				TARGETED_DEVICE_FAMILY = "1,2";
				TEST_TARGET_NAME = clearoutt;
			};
			name = Release;
		};
/* End XCBuildConfiguration section */

/* Begin XCConfigurationList section */
		611179B92B5EDACA00989C42 /* Build configuration list for PBXProject "clearoutt" */ = {
			isa = XCConfigurationList;
			buildConfigurations = (
				611179E02B5EDACB00989C42 /* Debug */,
				611179E12B5EDACB00989C42 /* Release */,
			);
			defaultConfigurationIsVisible = 0;
			defaultConfigurationName = Release;
		};
		611179E22B5EDACB00989C42 /* Build configuration list for PBXNativeTarget "clearoutt" */ = {
			isa = XCConfigurationList;
			buildConfigurations = (
				611179E32B5EDACB00989C42 /* Debug */,
				611179E42B5EDACB00989C42 /* Release */,
			);
			defaultConfigurationIsVisible = 0;
			defaultConfigurationName = Release;
		};
		611179E52B5EDACB00989C42 /* Build configuration list for PBXNativeTarget "clearouttTests" */ = {
			isa = XCConfigurationList;
			buildConfigurations = (
				611179E62B5EDACB00989C42 /* Debug */,
				611179E72B5EDACB00989C42 /* Release */,
			);
			defaultConfigurationIsVisible = 0;
			defaultConfigurationName = Release;
		};
		611179E82B5EDACB00989C42 /* Build configuration list for PBXNativeTarget "clearouttUITests" */ = {
			isa = XCConfigurationList;
			buildConfigurations = (
				611179E92B5EDACB00989C42 /* Debug */,
				611179EA2B5EDACB00989C42 /* Release */,
			);
			defaultConfigurationIsVisible = 0;
			defaultConfigurationName = Release;
		};
/* End XCConfigurationList section */

/* Begin XCRemoteSwiftPackageReference section */
		610E3ACA2B622A760081A3F0 /* XCRemoteSwiftPackageReference "firebase-ios-sdk" */ = {
			isa = XCRemoteSwiftPackageReference;
			repositoryURL = "https://github.com/firebase/firebase-ios-sdk.git";
			requirement = {
				kind = upToNextMajorVersion;
				minimumVersion = 10.20.0;
			};
		};
/* End XCRemoteSwiftPackageReference section */

/* Begin XCSwiftPackageProductDependency section */
		610E3ACB2B622A770081A3F0 /* FirebaseAnalytics */ = {
			isa = XCSwiftPackageProductDependency;
			package = 610E3ACA2B622A760081A3F0 /* XCRemoteSwiftPackageReference "firebase-ios-sdk" */;
			productName = FirebaseAnalytics;
		};
		610E3ACD2B622A770081A3F0 /* FirebaseAnalyticsOnDeviceConversion */ = {
			isa = XCSwiftPackageProductDependency;
			package = 610E3ACA2B622A760081A3F0 /* XCRemoteSwiftPackageReference "firebase-ios-sdk" */;
			productName = FirebaseAnalyticsOnDeviceConversion;
		};
		610E3ACF2B622A770081A3F0 /* FirebaseAnalyticsSwift */ = {
			isa = XCSwiftPackageProductDependency;
			package = 610E3ACA2B622A760081A3F0 /* XCRemoteSwiftPackageReference "firebase-ios-sdk" */;
			productName = FirebaseAnalyticsSwift;
		};
		610E3AD12B622A770081A3F0 /* FirebaseAnalyticsWithoutAdIdSupport */ = {
			isa = XCSwiftPackageProductDependency;
			package = 610E3ACA2B622A760081A3F0 /* XCRemoteSwiftPackageReference "firebase-ios-sdk" */;
			productName = FirebaseAnalyticsWithoutAdIdSupport;
		};
		610E3AD32B622A770081A3F0 /* FirebaseAppCheck */ = {
			isa = XCSwiftPackageProductDependency;
			package = 610E3ACA2B622A760081A3F0 /* XCRemoteSwiftPackageReference "firebase-ios-sdk" */;
			productName = FirebaseAppCheck;
		};
		610E3AD52B622A770081A3F0 /* FirebaseAppDistribution-Beta */ = {
			isa = XCSwiftPackageProductDependency;
			package = 610E3ACA2B622A760081A3F0 /* XCRemoteSwiftPackageReference "firebase-ios-sdk" */;
			productName = "FirebaseAppDistribution-Beta";
		};
		610E3AD72B622A770081A3F0 /* FirebaseAuth */ = {
			isa = XCSwiftPackageProductDependency;
			package = 610E3ACA2B622A760081A3F0 /* XCRemoteSwiftPackageReference "firebase-ios-sdk" */;
			productName = FirebaseAuth;
		};
		610E3AD92B622A770081A3F0 /* FirebaseAuthCombine-Community */ = {
			isa = XCSwiftPackageProductDependency;
			package = 610E3ACA2B622A760081A3F0 /* XCRemoteSwiftPackageReference "firebase-ios-sdk" */;
			productName = "FirebaseAuthCombine-Community";
		};
		610E3ADB2B622A770081A3F0 /* FirebaseCrashlytics */ = {
			isa = XCSwiftPackageProductDependency;
			package = 610E3ACA2B622A760081A3F0 /* XCRemoteSwiftPackageReference "firebase-ios-sdk" */;
			productName = FirebaseCrashlytics;
		};
		610E3ADD2B622A770081A3F0 /* FirebaseDatabase */ = {
			isa = XCSwiftPackageProductDependency;
			package = 610E3ACA2B622A760081A3F0 /* XCRemoteSwiftPackageReference "firebase-ios-sdk" */;
			productName = FirebaseDatabase;
		};
		610E3ADF2B622A770081A3F0 /* FirebaseDatabaseSwift */ = {
			isa = XCSwiftPackageProductDependency;
			package = 610E3ACA2B622A760081A3F0 /* XCRemoteSwiftPackageReference "firebase-ios-sdk" */;
			productName = FirebaseDatabaseSwift;
		};
		610E3AE12B622A770081A3F0 /* FirebaseDynamicLinks */ = {
			isa = XCSwiftPackageProductDependency;
			package = 610E3ACA2B622A760081A3F0 /* XCRemoteSwiftPackageReference "firebase-ios-sdk" */;
			productName = FirebaseDynamicLinks;
		};
		610E3AE32B622A770081A3F0 /* FirebaseFirestore */ = {
			isa = XCSwiftPackageProductDependency;
			package = 610E3ACA2B622A760081A3F0 /* XCRemoteSwiftPackageReference "firebase-ios-sdk" */;
			productName = FirebaseFirestore;
		};
		610E3AE52B622A770081A3F0 /* FirebaseFirestoreCombine-Community */ = {
			isa = XCSwiftPackageProductDependency;
			package = 610E3ACA2B622A760081A3F0 /* XCRemoteSwiftPackageReference "firebase-ios-sdk" */;
			productName = "FirebaseFirestoreCombine-Community";
		};
		610E3AE72B622A770081A3F0 /* FirebaseFirestoreSwift */ = {
			isa = XCSwiftPackageProductDependency;
			package = 610E3ACA2B622A760081A3F0 /* XCRemoteSwiftPackageReference "firebase-ios-sdk" */;
			productName = FirebaseFirestoreSwift;
		};
		610E3AE92B622A770081A3F0 /* FirebaseFunctions */ = {
			isa = XCSwiftPackageProductDependency;
			package = 610E3ACA2B622A760081A3F0 /* XCRemoteSwiftPackageReference "firebase-ios-sdk" */;
			productName = FirebaseFunctions;
		};
		610E3AEB2B622A770081A3F0 /* FirebaseFunctionsCombine-Community */ = {
			isa = XCSwiftPackageProductDependency;
			package = 610E3ACA2B622A760081A3F0 /* XCRemoteSwiftPackageReference "firebase-ios-sdk" */;
			productName = "FirebaseFunctionsCombine-Community";
		};
		610E3AED2B622A770081A3F0 /* FirebaseInAppMessaging-Beta */ = {
			isa = XCSwiftPackageProductDependency;
			package = 610E3ACA2B622A760081A3F0 /* XCRemoteSwiftPackageReference "firebase-ios-sdk" */;
			productName = "FirebaseInAppMessaging-Beta";
		};
		610E3AEF2B622A770081A3F0 /* FirebaseInAppMessagingSwift-Beta */ = {
			isa = XCSwiftPackageProductDependency;
			package = 610E3ACA2B622A760081A3F0 /* XCRemoteSwiftPackageReference "firebase-ios-sdk" */;
			productName = "FirebaseInAppMessagingSwift-Beta";
		};
		610E3AF12B622A770081A3F0 /* FirebaseInstallations */ = {
			isa = XCSwiftPackageProductDependency;
			package = 610E3ACA2B622A760081A3F0 /* XCRemoteSwiftPackageReference "firebase-ios-sdk" */;
			productName = FirebaseInstallations;
		};
		610E3AF32B622A770081A3F0 /* FirebaseMLModelDownloader */ = {
			isa = XCSwiftPackageProductDependency;
			package = 610E3ACA2B622A760081A3F0 /* XCRemoteSwiftPackageReference "firebase-ios-sdk" */;
			productName = FirebaseMLModelDownloader;
		};
		610E3AF52B622A770081A3F0 /* FirebaseMessaging */ = {
			isa = XCSwiftPackageProductDependency;
			package = 610E3ACA2B622A760081A3F0 /* XCRemoteSwiftPackageReference "firebase-ios-sdk" */;
			productName = FirebaseMessaging;
		};
		610E3AF72B622A770081A3F0 /* FirebasePerformance */ = {
			isa = XCSwiftPackageProductDependency;
			package = 610E3ACA2B622A760081A3F0 /* XCRemoteSwiftPackageReference "firebase-ios-sdk" */;
			productName = FirebasePerformance;
		};
		610E3AF92B622A770081A3F0 /* FirebaseRemoteConfig */ = {
			isa = XCSwiftPackageProductDependency;
			package = 610E3ACA2B622A760081A3F0 /* XCRemoteSwiftPackageReference "firebase-ios-sdk" */;
			productName = FirebaseRemoteConfig;
		};
		610E3AFB2B622A770081A3F0 /* FirebaseRemoteConfigSwift */ = {
			isa = XCSwiftPackageProductDependency;
			package = 610E3ACA2B622A760081A3F0 /* XCRemoteSwiftPackageReference "firebase-ios-sdk" */;
			productName = FirebaseRemoteConfigSwift;
		};
		610E3AFD2B622A770081A3F0 /* FirebaseStorage */ = {
			isa = XCSwiftPackageProductDependency;
			package = 610E3ACA2B622A760081A3F0 /* XCRemoteSwiftPackageReference "firebase-ios-sdk" */;
			productName = FirebaseStorage;
		};
		610E3AFF2B622A770081A3F0 /* FirebaseStorageCombine-Community */ = {
			isa = XCSwiftPackageProductDependency;
			package = 610E3ACA2B622A760081A3F0 /* XCRemoteSwiftPackageReference "firebase-ios-sdk" */;
			productName = "FirebaseStorageCombine-Community";
		};
/* End XCSwiftPackageProductDependency section */
	};
	rootObject = 611179B62B5EDACA00989C42 /* Project object */;
}
